// !$*UTF8*$!
{
	archiveVersion = 1;
	classes = {
	};
	objectVersion = 50;
	objects = {

/* Begin PBXBuildFile section */
		6E30237F25D1F477007A0528 /* FavoriteList.swift in Sources */ = {isa = PBXBuildFile; fileRef = 6E30237E25D1F477007A0528 /* FavoriteList.swift */; };
		6E5EB4C425D13A7B000985C0 /* ArraySortExtension.swift in Sources */ = {isa = PBXBuildFile; fileRef = 6E5EB4C325D13A7B000985C0 /* ArraySortExtension.swift */; };
		6E5EB4CE25D13ED8000985C0 /* RestaurantCell.swift in Sources */ = {isa = PBXBuildFile; fileRef = 6E5EB4CD25D13ED8000985C0 /* RestaurantCell.swift */; };
		6E5EB4D325D13EF2000985C0 /* TextStyleExtension.swift in Sources */ = {isa = PBXBuildFile; fileRef = 6E5EB4D225D13EF2000985C0 /* TextStyleExtension.swift */; };
		6E5EB4D825D13F34000985C0 /* SortOptionCell.swift in Sources */ = {isa = PBXBuildFile; fileRef = 6E5EB4D725D13F34000985C0 /* SortOptionCell.swift */; };
		6E5EB4DD25D15BC4000985C0 /* SortInfo.swift in Sources */ = {isa = PBXBuildFile; fileRef = 6E5EB4DC25D15BC4000985C0 /* SortInfo.swift */; };
		6E83E83A25CDABA100423796 /* AppDelegate.swift in Sources */ = {isa = PBXBuildFile; fileRef = 6E83E83925CDABA100423796 /* AppDelegate.swift */; };
		6E83E83C25CDABA100423796 /* SceneDelegate.swift in Sources */ = {isa = PBXBuildFile; fileRef = 6E83E83B25CDABA100423796 /* SceneDelegate.swift */; };
		6E83E83E25CDABA100423796 /* ContentView.swift in Sources */ = {isa = PBXBuildFile; fileRef = 6E83E83D25CDABA100423796 /* ContentView.swift */; };
		6E83E84025CDABA300423796 /* Assets.xcassets in Resources */ = {isa = PBXBuildFile; fileRef = 6E83E83F25CDABA300423796 /* Assets.xcassets */; };
		6E83E84325CDABA300423796 /* Preview Assets.xcassets in Resources */ = {isa = PBXBuildFile; fileRef = 6E83E84225CDABA300423796 /* Preview Assets.xcassets */; };
		6E83E84625CDABA300423796 /* LaunchScreen.storyboard in Resources */ = {isa = PBXBuildFile; fileRef = 6E83E84425CDABA300423796 /* LaunchScreen.storyboard */; };
		6E83E85C25CDABA300423796 /* JustEatRestaurantsUITests.swift in Sources */ = {isa = PBXBuildFile; fileRef = 6E83E85B25CDABA300423796 /* JustEatRestaurantsUITests.swift */; };
		6E83E87025CDD13900423796 /* restaurants.json in Resources */ = {isa = PBXBuildFile; fileRef = 6E83E86F25CDD13900423796 /* restaurants.json */; };
		6E83E87125CDD13900423796 /* restaurants.json in Resources */ = {isa = PBXBuildFile; fileRef = 6E83E86F25CDD13900423796 /* restaurants.json */; };
		6EDD5C1725CED8BF003F104F /* Restaurant.swift in Sources */ = {isa = PBXBuildFile; fileRef = 6EDD5C1625CED8BF003F104F /* Restaurant.swift */; };
		6EDD5C1C25CED8DE003F104F /* SortingValue.swift in Sources */ = {isa = PBXBuildFile; fileRef = 6EDD5C1B25CED8DE003F104F /* SortingValue.swift */; };
		6EDD5C2125CEDA51003F104F /* RestaurantsViewModel.swift in Sources */ = {isa = PBXBuildFile; fileRef = 6EDD5C2025CEDA51003F104F /* RestaurantsViewModel.swift */; };
		6EDD5C2625CEDE55003F104F /* RestaurantViewModelTests.swift in Sources */ = {isa = PBXBuildFile; fileRef = 6EDD5C2525CEDE55003F104F /* RestaurantViewModelTests.swift */; };
/* End PBXBuildFile section */

/* Begin PBXContainerItemProxy section */
		6E83E84D25CDABA300423796 /* PBXContainerItemProxy */ = {
			isa = PBXContainerItemProxy;
			containerPortal = 6E83E82E25CDABA100423796 /* Project object */;
			proxyType = 1;
			remoteGlobalIDString = 6E83E83525CDABA100423796;
			remoteInfo = JustEatRestaurants;
		};
		6E83E85825CDABA300423796 /* PBXContainerItemProxy */ = {
			isa = PBXContainerItemProxy;
			containerPortal = 6E83E82E25CDABA100423796 /* Project object */;
			proxyType = 1;
			remoteGlobalIDString = 6E83E83525CDABA100423796;
			remoteInfo = JustEatRestaurants;
		};
/* End PBXContainerItemProxy section */

/* Begin PBXFileReference section */
		6E30237E25D1F477007A0528 /* FavoriteList.swift */ = {isa = PBXFileReference; lastKnownFileType = sourcecode.swift; path = FavoriteList.swift; sourceTree = "<group>"; };
		6E5EB4C325D13A7B000985C0 /* ArraySortExtension.swift */ = {isa = PBXFileReference; lastKnownFileType = sourcecode.swift; path = ArraySortExtension.swift; sourceTree = "<group>"; };
		6E5EB4CD25D13ED8000985C0 /* RestaurantCell.swift */ = {isa = PBXFileReference; lastKnownFileType = sourcecode.swift; path = RestaurantCell.swift; sourceTree = "<group>"; };
		6E5EB4D225D13EF2000985C0 /* TextStyleExtension.swift */ = {isa = PBXFileReference; lastKnownFileType = sourcecode.swift; path = TextStyleExtension.swift; sourceTree = "<group>"; };
		6E5EB4D725D13F34000985C0 /* SortOptionCell.swift */ = {isa = PBXFileReference; lastKnownFileType = sourcecode.swift; path = SortOptionCell.swift; sourceTree = "<group>"; };
		6E5EB4DC25D15BC4000985C0 /* SortInfo.swift */ = {isa = PBXFileReference; lastKnownFileType = sourcecode.swift; path = SortInfo.swift; sourceTree = "<group>"; };
		6E83E83625CDABA100423796 /* JustEatRestaurants.app */ = {isa = PBXFileReference; explicitFileType = wrapper.application; includeInIndex = 0; path = JustEatRestaurants.app; sourceTree = BUILT_PRODUCTS_DIR; };
		6E83E83925CDABA100423796 /* AppDelegate.swift */ = {isa = PBXFileReference; lastKnownFileType = sourcecode.swift; path = AppDelegate.swift; sourceTree = "<group>"; };
		6E83E83B25CDABA100423796 /* SceneDelegate.swift */ = {isa = PBXFileReference; lastKnownFileType = sourcecode.swift; path = SceneDelegate.swift; sourceTree = "<group>"; };
		6E83E83D25CDABA100423796 /* ContentView.swift */ = {isa = PBXFileReference; lastKnownFileType = sourcecode.swift; path = ContentView.swift; sourceTree = "<group>"; };
		6E83E83F25CDABA300423796 /* Assets.xcassets */ = {isa = PBXFileReference; lastKnownFileType = folder.assetcatalog; path = Assets.xcassets; sourceTree = "<group>"; };
		6E83E84225CDABA300423796 /* Preview Assets.xcassets */ = {isa = PBXFileReference; lastKnownFileType = folder.assetcatalog; path = "Preview Assets.xcassets"; sourceTree = "<group>"; };
		6E83E84525CDABA300423796 /* Base */ = {isa = PBXFileReference; lastKnownFileType = file.storyboard; name = Base; path = Base.lproj/LaunchScreen.storyboard; sourceTree = "<group>"; };
		6E83E84725CDABA300423796 /* Info.plist */ = {isa = PBXFileReference; lastKnownFileType = text.plist.xml; path = Info.plist; sourceTree = "<group>"; };
		6E83E84C25CDABA300423796 /* JustEatRestaurantsTests.xctest */ = {isa = PBXFileReference; explicitFileType = wrapper.cfbundle; includeInIndex = 0; path = JustEatRestaurantsTests.xctest; sourceTree = BUILT_PRODUCTS_DIR; };
		6E83E85225CDABA300423796 /* Info.plist */ = {isa = PBXFileReference; lastKnownFileType = text.plist.xml; path = Info.plist; sourceTree = "<group>"; };
		6E83E85725CDABA300423796 /* JustEatRestaurantsUITests.xctest */ = {isa = PBXFileReference; explicitFileType = wrapper.cfbundle; includeInIndex = 0; path = JustEatRestaurantsUITests.xctest; sourceTree = BUILT_PRODUCTS_DIR; };
		6E83E85B25CDABA300423796 /* JustEatRestaurantsUITests.swift */ = {isa = PBXFileReference; lastKnownFileType = sourcecode.swift; path = JustEatRestaurantsUITests.swift; sourceTree = "<group>"; };
		6E83E85D25CDABA300423796 /* Info.plist */ = {isa = PBXFileReference; lastKnownFileType = text.plist.xml; path = Info.plist; sourceTree = "<group>"; };
		6E83E86F25CDD13900423796 /* restaurants.json */ = {isa = PBXFileReference; fileEncoding = 4; lastKnownFileType = text.json; path = restaurants.json; sourceTree = "<group>"; };
		6EDD5C1625CED8BF003F104F /* Restaurant.swift */ = {isa = PBXFileReference; lastKnownFileType = sourcecode.swift; path = Restaurant.swift; sourceTree = "<group>"; };
		6EDD5C1B25CED8DE003F104F /* SortingValue.swift */ = {isa = PBXFileReference; lastKnownFileType = sourcecode.swift; path = SortingValue.swift; sourceTree = "<group>"; };
		6EDD5C2025CEDA51003F104F /* RestaurantsViewModel.swift */ = {isa = PBXFileReference; lastKnownFileType = sourcecode.swift; path = RestaurantsViewModel.swift; sourceTree = "<group>"; };
		6EDD5C2525CEDE55003F104F /* RestaurantViewModelTests.swift */ = {isa = PBXFileReference; lastKnownFileType = sourcecode.swift; path = RestaurantViewModelTests.swift; sourceTree = "<group>"; };
/* End PBXFileReference section */

/* Begin PBXFrameworksBuildPhase section */
		6E83E83325CDABA100423796 /* Frameworks */ = {
			isa = PBXFrameworksBuildPhase;
			buildActionMask = 2147483647;
			files = (
			);
			runOnlyForDeploymentPostprocessing = 0;
		};
		6E83E84925CDABA300423796 /* Frameworks */ = {
			isa = PBXFrameworksBuildPhase;
			buildActionMask = 2147483647;
			files = (
			);
			runOnlyForDeploymentPostprocessing = 0;
		};
		6E83E85425CDABA300423796 /* Frameworks */ = {
			isa = PBXFrameworksBuildPhase;
			buildActionMask = 2147483647;
			files = (
			);
			runOnlyForDeploymentPostprocessing = 0;
		};
/* End PBXFrameworksBuildPhase section */

/* Begin PBXGroup section */
		6E83E82D25CDABA100423796 = {
			isa = PBXGroup;
			children = (
				6E83E83825CDABA100423796 /* JustEatRestaurants */,
				6E83E84F25CDABA300423796 /* JustEatRestaurantsTests */,
				6E83E85A25CDABA300423796 /* JustEatRestaurantsUITests */,
				6E83E83725CDABA100423796 /* Products */,
			);
			sourceTree = "<group>";
		};
		6E83E83725CDABA100423796 /* Products */ = {
			isa = PBXGroup;
			children = (
				6E83E83625CDABA100423796 /* JustEatRestaurants.app */,
				6E83E84C25CDABA300423796 /* JustEatRestaurantsTests.xctest */,
				6E83E85725CDABA300423796 /* JustEatRestaurantsUITests.xctest */,
			);
			name = Products;
			sourceTree = "<group>";
		};
		6E83E83825CDABA100423796 /* JustEatRestaurants */ = {
			isa = PBXGroup;
			children = (
				6E83E87B25CDD19000423796 /* Extensions */,
				6E83E86E25CDD10A00423796 /* ViewModels */,
				6E83E86C25CDD0FC00423796 /* Models */,
				6E83E86D25CDD10400423796 /* Views */,
				6E83E83925CDABA100423796 /* AppDelegate.swift */,
				6E83E83B25CDABA100423796 /* SceneDelegate.swift */,
				6E83E83F25CDABA300423796 /* Assets.xcassets */,
				6E83E86F25CDD13900423796 /* restaurants.json */,
				6E83E84425CDABA300423796 /* LaunchScreen.storyboard */,
				6E83E84725CDABA300423796 /* Info.plist */,
				6E83E84125CDABA300423796 /* Preview Content */,
			);
			path = JustEatRestaurants;
			sourceTree = "<group>";
		};
		6E83E84125CDABA300423796 /* Preview Content */ = {
			isa = PBXGroup;
			children = (
				6E83E84225CDABA300423796 /* Preview Assets.xcassets */,
			);
			path = "Preview Content";
			sourceTree = "<group>";
		};
		6E83E84F25CDABA300423796 /* JustEatRestaurantsTests */ = {
			isa = PBXGroup;
			children = (
				6EDD5C2525CEDE55003F104F /* RestaurantViewModelTests.swift */,
				6E83E85225CDABA300423796 /* Info.plist */,
			);
			path = JustEatRestaurantsTests;
			sourceTree = "<group>";
		};
		6E83E85A25CDABA300423796 /* JustEatRestaurantsUITests */ = {
			isa = PBXGroup;
			children = (
				6E83E85B25CDABA300423796 /* JustEatRestaurantsUITests.swift */,
				6E83E85D25CDABA300423796 /* Info.plist */,
			);
			path = JustEatRestaurantsUITests;
			sourceTree = "<group>";
		};
		6E83E86C25CDD0FC00423796 /* Models */ = {
			isa = PBXGroup;
			children = (
				6EDD5C1625CED8BF003F104F /* Restaurant.swift */,
				6EDD5C1B25CED8DE003F104F /* SortingValue.swift */,
			);
			path = Models;
			sourceTree = "<group>";
		};
		6E83E86D25CDD10400423796 /* Views */ = {
			isa = PBXGroup;
			children = (
				6E83E83D25CDABA100423796 /* ContentView.swift */,
				6E5EB4CD25D13ED8000985C0 /* RestaurantCell.swift */,
				6E5EB4D725D13F34000985C0 /* SortOptionCell.swift */,
				6E5EB4DC25D15BC4000985C0 /* SortInfo.swift */,
			);
			path = Views;
			sourceTree = "<group>";
		};
		6E83E86E25CDD10A00423796 /* ViewModels */ = {
			isa = PBXGroup;
			children = (
				6EDD5C2025CEDA51003F104F /* RestaurantsViewModel.swift */,
			);
			path = ViewModels;
			sourceTree = "<group>";
		};
		6E83E87B25CDD19000423796 /* Extensions */ = {
			isa = PBXGroup;
			children = (
				6E5EB4C325D13A7B000985C0 /* ArraySortExtension.swift */,
				6E5EB4D225D13EF2000985C0 /* TextStyleExtension.swift */,
				6E30237E25D1F477007A0528 /* FavoriteList.swift */,
			);
			path = Extensions;
			sourceTree = "<group>";
		};
/* End PBXGroup section */

/* Begin PBXNativeTarget section */
		6E83E83525CDABA100423796 /* JustEatRestaurants */ = {
			isa = PBXNativeTarget;
			buildConfigurationList = 6E83E86025CDABA400423796 /* Build configuration list for PBXNativeTarget "JustEatRestaurants" */;
			buildPhases = (
				6E83E83225CDABA100423796 /* Sources */,
				6E83E83325CDABA100423796 /* Frameworks */,
				6E83E83425CDABA100423796 /* Resources */,
			);
			buildRules = (
			);
			dependencies = (
			);
			name = JustEatRestaurants;
			productName = JustEatRestaurants;
			productReference = 6E83E83625CDABA100423796 /* JustEatRestaurants.app */;
			productType = "com.apple.product-type.application";
		};
		6E83E84B25CDABA300423796 /* JustEatRestaurantsTests */ = {
			isa = PBXNativeTarget;
			buildConfigurationList = 6E83E86325CDABA400423796 /* Build configuration list for PBXNativeTarget "JustEatRestaurantsTests" */;
			buildPhases = (
				6E83E84825CDABA300423796 /* Sources */,
				6E83E84925CDABA300423796 /* Frameworks */,
				6E83E84A25CDABA300423796 /* Resources */,
			);
			buildRules = (
			);
			dependencies = (
				6E83E84E25CDABA300423796 /* PBXTargetDependency */,
			);
			name = JustEatRestaurantsTests;
			productName = JustEatRestaurantsTests;
			productReference = 6E83E84C25CDABA300423796 /* JustEatRestaurantsTests.xctest */;
			productType = "com.apple.product-type.bundle.unit-test";
		};
		6E83E85625CDABA300423796 /* JustEatRestaurantsUITests */ = {
			isa = PBXNativeTarget;
			buildConfigurationList = 6E83E86625CDABA400423796 /* Build configuration list for PBXNativeTarget "JustEatRestaurantsUITests" */;
			buildPhases = (
				6E83E85325CDABA300423796 /* Sources */,
				6E83E85425CDABA300423796 /* Frameworks */,
				6E83E85525CDABA300423796 /* Resources */,
			);
			buildRules = (
			);
			dependencies = (
				6E83E85925CDABA300423796 /* PBXTargetDependency */,
			);
			name = JustEatRestaurantsUITests;
			productName = JustEatRestaurantsUITests;
			productReference = 6E83E85725CDABA300423796 /* JustEatRestaurantsUITests.xctest */;
			productType = "com.apple.product-type.bundle.ui-testing";
		};
/* End PBXNativeTarget section */

/* Begin PBXProject section */
		6E83E82E25CDABA100423796 /* Project object */ = {
			isa = PBXProject;
			attributes = {
				LastSwiftUpdateCheck = 1230;
				LastUpgradeCheck = 1230;
				TargetAttributes = {
					6E83E83525CDABA100423796 = {
						CreatedOnToolsVersion = 12.3;
					};
					6E83E84B25CDABA300423796 = {
						CreatedOnToolsVersion = 12.3;
						TestTargetID = 6E83E83525CDABA100423796;
					};
					6E83E85625CDABA300423796 = {
						CreatedOnToolsVersion = 12.3;
						TestTargetID = 6E83E83525CDABA100423796;
					};
				};
			};
			buildConfigurationList = 6E83E83125CDABA100423796 /* Build configuration list for PBXProject "JustEatRestaurants" */;
			compatibilityVersion = "Xcode 9.3";
			developmentRegion = en;
			hasScannedForEncodings = 0;
			knownRegions = (
				en,
				Base,
			);
			mainGroup = 6E83E82D25CDABA100423796;
			productRefGroup = 6E83E83725CDABA100423796 /* Products */;
			projectDirPath = "";
			projectRoot = "";
			targets = (
				6E83E83525CDABA100423796 /* JustEatRestaurants */,
				6E83E84B25CDABA300423796 /* JustEatRestaurantsTests */,
				6E83E85625CDABA300423796 /* JustEatRestaurantsUITests */,
			);
		};
/* End PBXProject section */

/* Begin PBXResourcesBuildPhase section */
		6E83E83425CDABA100423796 /* Resources */ = {
			isa = PBXResourcesBuildPhase;
			buildActionMask = 2147483647;
			files = (
				6E83E87025CDD13900423796 /* restaurants.json in Resources */,
				6E83E84625CDABA300423796 /* LaunchScreen.storyboard in Resources */,
				6E83E84325CDABA300423796 /* Preview Assets.xcassets in Resources */,
				6E83E84025CDABA300423796 /* Assets.xcassets in Resources */,
			);
			runOnlyForDeploymentPostprocessing = 0;
		};
		6E83E84A25CDABA300423796 /* Resources */ = {
			isa = PBXResourcesBuildPhase;
			buildActionMask = 2147483647;
			files = (
				6E83E87125CDD13900423796 /* restaurants.json in Resources */,
			);
			runOnlyForDeploymentPostprocessing = 0;
		};
		6E83E85525CDABA300423796 /* Resources */ = {
			isa = PBXResourcesBuildPhase;
			buildActionMask = 2147483647;
			files = (
			);
			runOnlyForDeploymentPostprocessing = 0;
		};
/* End PBXResourcesBuildPhase section */

/* Begin PBXSourcesBuildPhase section */
		6E83E83225CDABA100423796 /* Sources */ = {
			isa = PBXSourcesBuildPhase;
			buildActionMask = 2147483647;
			files = (
				6E5EB4CE25D13ED8000985C0 /* RestaurantCell.swift in Sources */,
				6EDD5C1725CED8BF003F104F /* Restaurant.swift in Sources */,
				6EDD5C2125CEDA51003F104F /* RestaurantsViewModel.swift in Sources */,
				6E83E83A25CDABA100423796 /* AppDelegate.swift in Sources */,
				6EDD5C1C25CED8DE003F104F /* SortingValue.swift in Sources */,
				6E5EB4C425D13A7B000985C0 /* ArraySortExtension.swift in Sources */,
				6E83E83C25CDABA100423796 /* SceneDelegate.swift in Sources */,
				6E5EB4D825D13F34000985C0 /* SortOptionCell.swift in Sources */,
				6E5EB4DD25D15BC4000985C0 /* SortInfo.swift in Sources */,
				6E30237F25D1F477007A0528 /* FavoriteList.swift in Sources */,
				6E5EB4D325D13EF2000985C0 /* TextStyleExtension.swift in Sources */,
				6E83E83E25CDABA100423796 /* ContentView.swift in Sources */,
			);
			runOnlyForDeploymentPostprocessing = 0;
		};
		6E83E84825CDABA300423796 /* Sources */ = {
			isa = PBXSourcesBuildPhase;
			buildActionMask = 2147483647;
			files = (
				6EDD5C2625CEDE55003F104F /* RestaurantViewModelTests.swift in Sources */,
			);
			runOnlyForDeploymentPostprocessing = 0;
		};
		6E83E85325CDABA300423796 /* Sources */ = {
			isa = PBXSourcesBuildPhase;
			buildActionMask = 2147483647;
			files = (
				6E83E85C25CDABA300423796 /* JustEatRestaurantsUITests.swift in Sources */,
			);
			runOnlyForDeploymentPostprocessing = 0;
		};
/* End PBXSourcesBuildPhase section */

/* Begin PBXTargetDependency section */
		6E83E84E25CDABA300423796 /* PBXTargetDependency */ = {
			isa = PBXTargetDependency;
			target = 6E83E83525CDABA100423796 /* JustEatRestaurants */;
			targetProxy = 6E83E84D25CDABA300423796 /* PBXContainerItemProxy */;
		};
		6E83E85925CDABA300423796 /* PBXTargetDependency */ = {
			isa = PBXTargetDependency;
			target = 6E83E83525CDABA100423796 /* JustEatRestaurants */;
			targetProxy = 6E83E85825CDABA300423796 /* PBXContainerItemProxy */;
		};
/* End PBXTargetDependency section */

/* Begin PBXVariantGroup section */
		6E83E84425CDABA300423796 /* LaunchScreen.storyboard */ = {
			isa = PBXVariantGroup;
			children = (
				6E83E84525CDABA300423796 /* Base */,
			);
			name = LaunchScreen.storyboard;
			sourceTree = "<group>";
		};
/* End PBXVariantGroup section */

/* Begin XCBuildConfiguration section */
		6E83E85E25CDABA400423796 /* Debug */ = {
			isa = XCBuildConfiguration;
			buildSettings = {
				ALWAYS_SEARCH_USER_PATHS = NO;
				CLANG_ANALYZER_NONNULL = YES;
				CLANG_ANALYZER_NUMBER_OBJECT_CONVERSION = YES_AGGRESSIVE;
				CLANG_CXX_LANGUAGE_STANDARD = "gnu++14";
				CLANG_CXX_LIBRARY = "libc++";
				CLANG_ENABLE_MODULES = YES;
				CLANG_ENABLE_OBJC_ARC = YES;
				CLANG_ENABLE_OBJC_WEAK = YES;
				CLANG_WARN_BLOCK_CAPTURE_AUTORELEASING = YES;
				CLANG_WARN_BOOL_CONVERSION = YES;
				CLANG_WARN_COMMA = YES;
				CLANG_WARN_CONSTANT_CONVERSION = YES;
				CLANG_WARN_DEPRECATED_OBJC_IMPLEMENTATIONS = YES;
				CLANG_WARN_DIRECT_OBJC_ISA_USAGE = YES_ERROR;
				CLANG_WARN_DOCUMENTATION_COMMENTS = YES;
				CLANG_WARN_EMPTY_BODY = YES;
				CLANG_WARN_ENUM_CONVERSION = YES;
				CLANG_WARN_INFINITE_RECURSION = YES;
				CLANG_WARN_INT_CONVERSION = YES;
				CLANG_WARN_NON_LITERAL_NULL_CONVERSION = YES;
				CLANG_WARN_OBJC_IMPLICIT_RETAIN_SELF = YES;
				CLANG_WARN_OBJC_LITERAL_CONVERSION = YES;
				CLANG_WARN_OBJC_ROOT_CLASS = YES_ERROR;
				CLANG_WARN_QUOTED_INCLUDE_IN_FRAMEWORK_HEADER = YES;
				CLANG_WARN_RANGE_LOOP_ANALYSIS = YES;
				CLANG_WARN_STRICT_PROTOTYPES = YES;
				CLANG_WARN_SUSPICIOUS_MOVE = YES;
				CLANG_WARN_UNGUARDED_AVAILABILITY = YES_AGGRESSIVE;
				CLANG_WARN_UNREACHABLE_CODE = YES;
				CLANG_WARN__DUPLICATE_METHOD_MATCH = YES;
				COPY_PHASE_STRIP = NO;
				DEBUG_INFORMATION_FORMAT = dwarf;
				ENABLE_STRICT_OBJC_MSGSEND = YES;
				ENABLE_TESTABILITY = YES;
				GCC_C_LANGUAGE_STANDARD = gnu11;
				GCC_DYNAMIC_NO_PIC = NO;
				GCC_NO_COMMON_BLOCKS = YES;
				GCC_OPTIMIZATION_LEVEL = 0;
				GCC_PREPROCESSOR_DEFINITIONS = (
					"DEBUG=1",
					"$(inherited)",
				);
				GCC_WARN_64_TO_32_BIT_CONVERSION = YES;
				GCC_WARN_ABOUT_RETURN_TYPE = YES_ERROR;
				GCC_WARN_UNDECLARED_SELECTOR = YES;
				GCC_WARN_UNINITIALIZED_AUTOS = YES_AGGRESSIVE;
				GCC_WARN_UNUSED_FUNCTION = YES;
				GCC_WARN_UNUSED_VARIABLE = YES;
				IPHONEOS_DEPLOYMENT_TARGET = 14.3;
				MTL_ENABLE_DEBUG_INFO = INCLUDE_SOURCE;
				MTL_FAST_MATH = YES;
				ONLY_ACTIVE_ARCH = YES;
				SDKROOT = iphoneos;
				SWIFT_ACTIVE_COMPILATION_CONDITIONS = DEBUG;
				SWIFT_OPTIMIZATION_LEVEL = "-Onone";
			};
			name = Debug;
		};
		6E83E85F25CDABA400423796 /* Release */ = {
			isa = XCBuildConfiguration;
			buildSettings = {
				ALWAYS_SEARCH_USER_PATHS = NO;
				CLANG_ANALYZER_NONNULL = YES;
				CLANG_ANALYZER_NUMBER_OBJECT_CONVERSION = YES_AGGRESSIVE;
				CLANG_CXX_LANGUAGE_STANDARD = "gnu++14";
				CLANG_CXX_LIBRARY = "libc++";
				CLANG_ENABLE_MODULES = YES;
				CLANG_ENABLE_OBJC_ARC = YES;
				CLANG_ENABLE_OBJC_WEAK = YES;
				CLANG_WARN_BLOCK_CAPTURE_AUTORELEASING = YES;
				CLANG_WARN_BOOL_CONVERSION = YES;
				CLANG_WARN_COMMA = YES;
				CLANG_WARN_CONSTANT_CONVERSION = YES;
				CLANG_WARN_DEPRECATED_OBJC_IMPLEMENTATIONS = YES;
				CLANG_WARN_DIRECT_OBJC_ISA_USAGE = YES_ERROR;
				CLANG_WARN_DOCUMENTATION_COMMENTS = YES;
				CLANG_WARN_EMPTY_BODY = YES;
				CLANG_WARN_ENUM_CONVERSION = YES;
				CLANG_WARN_INFINITE_RECURSION = YES;
				CLANG_WARN_INT_CONVERSION = YES;
				CLANG_WARN_NON_LITERAL_NULL_CONVERSION = YES;
				CLANG_WARN_OBJC_IMPLICIT_RETAIN_SELF = YES;
				CLANG_WARN_OBJC_LITERAL_CONVERSION = YES;
				CLANG_WARN_OBJC_ROOT_CLASS = YES_ERROR;
				CLANG_WARN_QUOTED_INCLUDE_IN_FRAMEWORK_HEADER = YES;
				CLANG_WARN_RANGE_LOOP_ANALYSIS = YES;
				CLANG_WARN_STRICT_PROTOTYPES = YES;
				CLANG_WARN_SUSPICIOUS_MOVE = YES;
				CLANG_WARN_UNGUARDED_AVAILABILITY = YES_AGGRESSIVE;
				CLANG_WARN_UNREACHABLE_CODE = YES;
				CLANG_WARN__DUPLICATE_METHOD_MATCH = YES;
				COPY_PHASE_STRIP = NO;
				DEBUG_INFORMATION_FORMAT = "dwarf-with-dsym";
				ENABLE_NS_ASSERTIONS = NO;
				ENABLE_STRICT_OBJC_MSGSEND = YES;
				GCC_C_LANGUAGE_STANDARD = gnu11;
				GCC_NO_COMMON_BLOCKS = YES;
				GCC_WARN_64_TO_32_BIT_CONVERSION = YES;
				GCC_WARN_ABOUT_RETURN_TYPE = YES_ERROR;
				GCC_WARN_UNDECLARED_SELECTOR = YES;
				GCC_WARN_UNINITIALIZED_AUTOS = YES_AGGRESSIVE;
				GCC_WARN_UNUSED_FUNCTION = YES;
				GCC_WARN_UNUSED_VARIABLE = YES;
				IPHONEOS_DEPLOYMENT_TARGET = 14.3;
				MTL_ENABLE_DEBUG_INFO = NO;
				MTL_FAST_MATH = YES;
				SDKROOT = iphoneos;
				SWIFT_COMPILATION_MODE = wholemodule;
				SWIFT_OPTIMIZATION_LEVEL = "-O";
				VALIDATE_PRODUCT = YES;
			};
			name = Release;
		};
		6E83E86125CDABA400423796 /* Debug */ = {
			isa = XCBuildConfiguration;
			buildSettings = {
				ASSETCATALOG_COMPILER_APPICON_NAME = AppIcon;
				ASSETCATALOG_COMPILER_GLOBAL_ACCENT_COLOR_NAME = AccentColor;
				CODE_SIGN_STYLE = Automatic;
				DEVELOPMENT_ASSET_PATHS = "\"JustEatRestaurants/Preview Content\"";
				DEVELOPMENT_TEAM = 57CHQPP6S7;
				ENABLE_PREVIEWS = YES;
				INFOPLIST_FILE = JustEatRestaurants/Info.plist;
				LD_RUNPATH_SEARCH_PATHS = (
					"$(inherited)",
					"@executable_path/Frameworks",
				);
				PRODUCT_BUNDLE_IDENTIFIER = khawla.JustEatRestaurants;
				PRODUCT_NAME = "$(TARGET_NAME)";
				SWIFT_VERSION = 5.0;
				TARGETED_DEVICE_FAMILY = "1,2";
			};
			name = Debug;
		};
		6E83E86225CDABA400423796 /* Release */ = {
			isa = XCBuildConfiguration;
			buildSettings = {
				ASSETCATALOG_COMPILER_APPICON_NAME = AppIcon;
				ASSETCATALOG_COMPILER_GLOBAL_ACCENT_COLOR_NAME = AccentColor;
				CODE_SIGN_STYLE = Automatic;
				DEVELOPMENT_ASSET_PATHS = "\"JustEatRestaurants/Preview Content\"";
				DEVELOPMENT_TEAM = 57CHQPP6S7;
				ENABLE_PREVIEWS = YES;
				INFOPLIST_FILE = JustEatRestaurants/Info.plist;
				LD_RUNPATH_SEARCH_PATHS = (
					"$(inherited)",
					"@executable_path/Frameworks",
				);
				PRODUCT_BUNDLE_IDENTIFIER = khawla.JustEatRestaurants;
				PRODUCT_NAME = "$(TARGET_NAME)";
				SWIFT_VERSION = 5.0;
				TARGETED_DEVICE_FAMILY = "1,2";
			};
			name = Release;
		};
		6E83E86425CDABA400423796 /* Debug */ = {
			isa = XCBuildConfiguration;
			buildSettings = {
				ALWAYS_EMBED_SWIFT_STANDARD_LIBRARIES = YES;
				BUNDLE_LOADER = "$(TEST_HOST)";
				CODE_SIGN_STYLE = Automatic;
				DEVELOPMENT_TEAM = 57CHQPP6S7;
				INFOPLIST_FILE = JustEatRestaurantsTests/Info.plist;
				IPHONEOS_DEPLOYMENT_TARGET = 14.3;
				LD_RUNPATH_SEARCH_PATHS = (
					"$(inherited)",
					"@executable_path/Frameworks",
					"@loader_path/Frameworks",
				);
				PRODUCT_BUNDLE_IDENTIFIER = khawla.JustEatRestaurantsTests;
				PRODUCT_NAME = "$(TARGET_NAME)";
				SWIFT_VERSION = 5.0;
				TARGETED_DEVICE_FAMILY = "1,2";
				TEST_HOST = "$(BUILT_PRODUCTS_DIR)/JustEatRestaurants.app/JustEatRestaurants";
			};
			name = Debug;
		};
		6E83E86525CDABA400423796 /* Release */ = {
			isa = XCBuildConfiguration;
			buildSettings = {
				ALWAYS_EMBED_SWIFT_STANDARD_LIBRARIES = YES;
				BUNDLE_LOADER = "$(TEST_HOST)";
				CODE_SIGN_STYLE = Automatic;
				DEVELOPMENT_TEAM = 57CHQPP6S7;
				INFOPLIST_FILE = JustEatRestaurantsTests/Info.plist;
				IPHONEOS_DEPLOYMENT_TARGET = 14.3;
				LD_RUNPATH_SEARCH_PATHS = (
					"$(inherited)",
					"@executable_path/Frameworks",
					"@loader_path/Frameworks",
				);
				PRODUCT_BUNDLE_IDENTIFIER = khawla.JustEatRestaurantsTests;
				PRODUCT_NAME = "$(TARGET_NAME)";
				SWIFT_VERSION = 5.0;
				TARGETED_DEVICE_FAMILY = "1,2";
				TEST_HOST = "$(BUILT_PRODUCTS_DIR)/JustEatRestaurants.app/JustEatRestaurants";
			};
			name = Release;
		};
		6E83E86725CDABA400423796 /* Debug */ = {
			isa = XCBuildConfiguration;
			buildSettings = {
				ALWAYS_EMBED_SWIFT_STANDARD_LIBRARIES = YES;
				CODE_SIGN_STYLE = Automatic;
				DEVELOPMENT_TEAM = 57CHQPP6S7;
				INFOPLIST_FILE = JustEatRestaurantsUITests/Info.plist;
				LD_RUNPATH_SEARCH_PATHS = (
					"$(inherited)",
					"@executable_path/Frameworks",
					"@loader_path/Frameworks",
				);
				PRODUCT_BUNDLE_IDENTIFIER = khawla.JustEatRestaurantsUITests;
				PRODUCT_NAME = "$(TARGET_NAME)";
				SWIFT_VERSION = 5.0;
				TARGETED_DEVICE_FAMILY = "1,2";
				TEST_TARGET_NAME = JustEatRestaurants;
			};
			name = Debug;
		};
		6E83E86825CDABA400423796 /* Release */ = {
			isa = XCBuildConfiguration;
			buildSettings = {
				ALWAYS_EMBED_SWIFT_STANDARD_LIBRARIES = YES;
				CODE_SIGN_STYLE = Automatic;
				DEVELOPMENT_TEAM = 57CHQPP6S7;
				INFOPLIST_FILE = JustEatRestaurantsUITests/Info.plist;
				LD_RUNPATH_SEARCH_PATHS = (
					"$(inherited)",
					"@executable_path/Frameworks",
					"@loader_path/Frameworks",
				);
				PRODUCT_BUNDLE_IDENTIFIER = khawla.JustEatRestaurantsUITests;
				PRODUCT_NAME = "$(TARGET_NAME)";
				SWIFT_VERSION = 5.0;
				TARGETED_DEVICE_FAMILY = "1,2";
				TEST_TARGET_NAME = JustEatRestaurants;
			};
			name = Release;
		};
/* End XCBuildConfiguration section */

/* Begin XCConfigurationList section */
		6E83E83125CDABA100423796 /* Build configuration list for PBXProject "JustEatRestaurants" */ = {
			isa = XCConfigurationList;
			buildConfigurations = (
				6E83E85E25CDABA400423796 /* Debug */,
				6E83E85F25CDABA400423796 /* Release */,
			);
			defaultConfigurationIsVisible = 0;
			defaultConfigurationName = Release;
		};
		6E83E86025CDABA400423796 /* Build configuration list for PBXNativeTarget "JustEatRestaurants" */ = {
			isa = XCConfigurationList;
			buildConfigurations = (
				6E83E86125CDABA400423796 /* Debug */,
				6E83E86225CDABA400423796 /* Release */,
			);
			defaultConfigurationIsVisible = 0;
			defaultConfigurationName = Release;
		};
		6E83E86325CDABA400423796 /* Build configuration list for PBXNativeTarget "JustEatRestaurantsTests" */ = {
			isa = XCConfigurationList;
			buildConfigurations = (
				6E83E86425CDABA400423796 /* Debug */,
				6E83E86525CDABA400423796 /* Release */,
			);
			defaultConfigurationIsVisible = 0;
			defaultConfigurationName = Release;
		};
		6E83E86625CDABA400423796 /* Build configuration list for PBXNativeTarget "JustEatRestaurantsUITests" */ = {
			isa = XCConfigurationList;
			buildConfigurations = (
				6E83E86725CDABA400423796 /* Debug */,
				6E83E86825CDABA400423796 /* Release */,
			);
			defaultConfigurationIsVisible = 0;
			defaultConfigurationName = Release;
		};
/* End XCConfigurationList section */
	};
	rootObject = 6E83E82E25CDABA100423796 /* Project object */;
}
